<?xml version="1.0" encoding="utf-8"?>
<Project ToolsVersion="4.0" xmlns="http://schemas.microsoft.com/developer/msbuild/2003">
  <ItemGroup>
    <ClCompile Include="src\ofApp.cpp">
      <Filter>src</Filter>
    </ClCompile>
    <ClCompile Include="src\main.cpp">
      <Filter>src</Filter>
    </ClCompile>
    <ClCompile Include="src\tile.cpp">
      <Filter>src</Filter>
    </ClCompile>
    <ClCompile Include="src\Map.cpp" />
    <ClCompile Include="src\player.cpp" />
    <ClCompile Include="src\Npc.cpp" />
  </ItemGroup>
  <ItemGroup>
    <Filter Include="src">
      <UniqueIdentifier>{d8376475-7454-4a24-b08a-aac121d3ad6f}</UniqueIdentifier>
    </Filter>
    <Filter Include="addons">
      <UniqueIdentifier>{abae99d8-b750-4f54-8cae-b9a22efec786}</UniqueIdentifier>
    </Filter>
  </ItemGroup>
  <ItemGroup>
    <ClInclude Include="src\ofApp.h">
      <Filter>src</Filter>
    </ClInclude>
    <ClInclude Include="src\tile.h">
      <Filter>src</Filter>
    </ClInclude>
    <ClInclude Include="src\map.h" />
    <ClInclude Include="src\player.h" />
    <ClInclude Include="src\npc.h" />
  </ItemGroup>
  <ItemGroup>
    <ResourceCompile Include="icon.rc" />
  </ItemGroup>
  <ItemGroup>
    <Image Include="bin\data\assets\OutsideSiebelTileSheet.png" />
  </ItemGroup>
  <ItemGroup>
    <Text Include="bin\data\assets\OutsideSiebel.txt" />
  </ItemGroup>
  <ItemGroup>
    <Xml Include="bin\data\assets\MapLayout.xml" />
  </ItemGroup>
</Project>