<?xml version="1.0" encoding="utf-8"?>
<Project ToolsVersion="4.0" xmlns="http://schemas.microsoft.com/developer/msbuild/2003">
  <ItemGroup>
    <ClCompile Include="src\ofApp.cpp">
      <Filter>src</Filter>
    </ClCompile>
    <ClCompile Include="src\main.cpp">
      <Filter>src</Filter>
    </ClCompile>
    <ClCompile Include="src\tile.cpp">
      <Filter>src</Filter>
    </ClCompile>
    <ClCompile Include="src\Map.cpp">
      <Filter>src</Filter>
    </ClCompile>
    <ClCompile Include="src\Npc.cpp">
      <Filter>src</Filter>
    </ClCompile>
    <ClCompile Include="src\player.cpp">
      <Filter>src</Filter>
    </ClCompile>
    <ClCompile Include="src\Item.cpp" />
  </ItemGroup>
  <ItemGroup>
    <Filter Include="src">
      <UniqueIdentifier>{d8376475-7454-4a24-b08a-aac121d3ad6f}</UniqueIdentifier>
    </Filter>
    <Filter Include="addons">
      <UniqueIdentifier>{abae99d8-b750-4f54-8cae-b9a22efec786}</UniqueIdentifier>
    </Filter>
    <Filter Include="addons\ofxCenteredTrueTypeFont">
      <UniqueIdentifier>{c4365ae7-50e3-4aab-8b09-807368a87b83}</UniqueIdentifier>
    </Filter>
    <Filter Include="addons\ofxCenteredTrueTypeFont\src">
      <UniqueIdentifier>{2cbbcd1e-f53b-410b-895a-d8a05eddbda0}</UniqueIdentifier>
    </Filter>
  </ItemGroup>
  <ItemGroup>
    <ClInclude Include="src\ofApp.h">
      <Filter>src</Filter>
    </ClInclude>
    <ClInclude Include="src\tile.h">
      <Filter>src</Filter>
    </ClInclude>
    <ClInclude Include="..\..\..\addons\ofxCenteredTrueTypeFont\src\ofxCenteredTrueTypeFont.h">
      <Filter>addons\ofxCenteredTrueTypeFont\src</Filter>
    </ClInclude>
    <ClInclude Include="src\map.h">
      <Filter>src</Filter>
    </ClInclude>
    <ClInclude Include="src\npc.h">
      <Filter>src</Filter>
    </ClInclude>
    <ClInclude Include="src\player.h">
      <Filter>src</Filter>
    </ClInclude>
    <ClInclude Include="src\item.h" />
    <ClInclude Include="src\globalConstants.h" />
  </ItemGroup>
  <ItemGroup>
    <ResourceCompile Include="icon.rc" />
  </ItemGroup>
  <ItemGroup>
    <Image Include="bin\data\assets\OutsideSiebelTileSheet.png" />
  </ItemGroup>
  <ItemGroup>
    <Xml Include="bin\data\assets\SiebelEntry.xml" />
    <Xml Include="bin\data\assets\OutsideSiebel.xml" />
  </ItemGroup>
  <ItemGroup>
    <Text Include="bin\data\assets\OutsideSiebelCollision.txt" />
  </ItemGroup>
</Project>